Microsoft Visual Studio Solution File, Format Version 12.00
# Visual Studio Version 17
VisualStudioVersion = 17.5.2.0
MinimumVisualStudioVersion = 10.0.40219.1
Project("{FAE04EC0-301F-11D3-BF4B-00C04F79EFBC}") = "LexiDex", "LexiDex.csproj", "{D796A249-415E-256D-9406-A9246202620A}"
EndProject
Global
	GlobalSection(SolutionConfigurationPlatforms) = preSolution
		Debug|Any CPU = Debug|Any CPU
		Release|Any CPU = Release|Any CPU
	EndGlobalSection
	GlobalSection(ProjectConfigurationPlatforms) = postSolution
		{D796A249-415E-256D-9406-A9246202620A}.Debug|Any CPU.ActiveCfg = Debug|Any CPU
		{D796A249-415E-256D-9406-A9246202620A}.Debug|Any CPU.Build.0 = Debug|Any CPU
		{D796A249-415E-256D-9406-A9246202620A}.Release|Any CPU.ActiveCfg = Release|Any CPU
		{D796A249-415E-256D-9406-A9246202620A}.Release|Any CPU.Build.0 = Release|Any CPU
	EndGlobalSection
	GlobalSection(SolutionProperties) = preSolution
		HideSolutionNode = FALSE
	EndGlobalSection
	GlobalSection(ExtensibilityGlobals) = postSolution
		SolutionGuid = {0148A4C4-291C-4AAF-BB0F-185A8FE1586A}
	EndGlobalSection
EndGlobal
